github.com/gojp/kana v0.1.0 h1:8bd0WXAObhYpyFA3pF17YImnYyVshw0bcXS+ybNFYQk=
github.com/gojp/kana v0.1.0/go.mod h1:kWp5hDdJQqnZ2E3SQNQe+iejY63SZ+JdlbnW+qn7vxY=
golang.org/x/net v0.13.0 h1:Nvo8UFsZ8X3BhAC9699Z1j7XQ3rsZnUUm7jfBEk1ueY=
golang.org/x/net v0.13.0/go.mod h1:zEVYFnQC7m/vmpQFELhcD1EWkZlX69l4oqgmer6hfKA=
